
Microsoft Visual Studio Solution File, Format Version 12.00
# Visual Studio Version 16
VisualStudioVersion = 16.0.31025.194
MinimumVisualStudioVersion = 10.0.40219.1
Project("{9A19103F-16F7-4668-BE54-9A1E7A4F7556}") = "Ring", "Ring.csproj", "{AA125BC4-516B-4FBB-A728-CC6C00E51C8E}"
EndProject
Global
	GlobalSection(SolutionConfigurationPlatforms) = preSolution
		Debug|Any CPU = Debug|Any CPU
		Release|Any CPU = Release|Any CPU
	EndGlobalSection
	GlobalSection(ProjectConfigurationPlatforms) = postSolution
		{AA125BC4-516B-4FBB-A728-CC6C00E51C8E}.Debug|Any CPU.ActiveCfg = Debug|Any CPU
		{AA125BC4-516B-4FBB-A728-CC6C00E51C8E}.Debug|Any CPU.Build.0 = Debug|Any CPU
		{AA125BC4-516B-4FBB-A728-CC6C00E51C8E}.Release|Any CPU.ActiveCfg = Release|Any CPU
		{AA125BC4-516B-4FBB-A728-CC6C00E51C8E}.Release|Any CPU.Build.0 = Release|Any CPU
	EndGlobalSection
	GlobalSection(SolutionProperties) = preSolution
		HideSolutionNode = FALSE
	EndGlobalSection
	GlobalSection(ExtensibilityGlobals) = postSolution
		SolutionGuid = {0AE8E33B-B31B-4AA7-B4DE-3980C84634FC}
	EndGlobalSection
EndGlobal
